
Microsoft Visual Studio Solution File, Format Version 12.00
# Visual Studio Version 17
VisualStudioVersion = 17.0.31903.59
MinimumVisualStudioVersion = 10.0.40219.1
Project("{2150E333-8FDC-42A3-9474-1A3956D46DE8}") = "src", "src", "{827E0CD3-B72D-47B6-A68D-7590B98EB39B}"
EndProject
Project("{FAE04EC0-301F-11D3-BF4B-00C04F79EFBC}") = "ForgeDesk.Timesheets.Domain", "src\ForgeDesk.Timesheets.Domain\ForgeDesk.Timesheets.Domain.csproj", "{32EBC4D6-5C2E-427C-BE57-40FB93E82A3C}"
EndProject
Project("{FAE04EC0-301F-11D3-BF4B-00C04F79EFBC}") = "ForgeDesk.Timesheets.Application", "src\ForgeDesk.Timesheets.Application\ForgeDesk.Timesheets.Application.csproj", "{60BA2D8F-FF3A-4173-8046-C991489D4E40}"
EndProject
Project("{FAE04EC0-301F-11D3-BF4B-00C04F79EFBC}") = "ForgeDesk.Timesheets.Infrastructure", "src\ForgeDesk.Timesheets.Infrastructure\ForgeDesk.Timesheets.Infrastructure.csproj", "{07CC1CFB-7378-462C-B28D-73ACDC8D88E9}"
EndProject
Project("{FAE04EC0-301F-11D3-BF4B-00C04F79EFBC}") = "ForgeDesk.Timesheets.Api", "src\ForgeDesk.Timesheets.Api\ForgeDesk.Timesheets.Api.csproj", "{D8F47722-F112-49D5-8D77-5D20F82BCD47}"
EndProject
Global
	GlobalSection(SolutionConfigurationPlatforms) = preSolution
		Debug|Any CPU = Debug|Any CPU
		Debug|x64 = Debug|x64
		Debug|x86 = Debug|x86
		Release|Any CPU = Release|Any CPU
		Release|x64 = Release|x64
		Release|x86 = Release|x86
	EndGlobalSection
	GlobalSection(ProjectConfigurationPlatforms) = postSolution
		{32EBC4D6-5C2E-427C-BE57-40FB93E82A3C}.Debug|Any CPU.ActiveCfg = Debug|Any CPU
		{32EBC4D6-5C2E-427C-BE57-40FB93E82A3C}.Debug|Any CPU.Build.0 = Debug|Any CPU
		{32EBC4D6-5C2E-427C-BE57-40FB93E82A3C}.Debug|x64.ActiveCfg = Debug|Any CPU
		{32EBC4D6-5C2E-427C-BE57-40FB93E82A3C}.Debug|x64.Build.0 = Debug|Any CPU
		{32EBC4D6-5C2E-427C-BE57-40FB93E82A3C}.Debug|x86.ActiveCfg = Debug|Any CPU
		{32EBC4D6-5C2E-427C-BE57-40FB93E82A3C}.Debug|x86.Build.0 = Debug|Any CPU
		{32EBC4D6-5C2E-427C-BE57-40FB93E82A3C}.Release|Any CPU.ActiveCfg = Release|Any CPU
		{32EBC4D6-5C2E-427C-BE57-40FB93E82A3C}.Release|Any CPU.Build.0 = Release|Any CPU
		{32EBC4D6-5C2E-427C-BE57-40FB93E82A3C}.Release|x64.ActiveCfg = Release|Any CPU
		{32EBC4D6-5C2E-427C-BE57-40FB93E82A3C}.Release|x64.Build.0 = Release|Any CPU
		{32EBC4D6-5C2E-427C-BE57-40FB93E82A3C}.Release|x86.ActiveCfg = Release|Any CPU
		{32EBC4D6-5C2E-427C-BE57-40FB93E82A3C}.Release|x86.Build.0 = Release|Any CPU
		{60BA2D8F-FF3A-4173-8046-C991489D4E40}.Debug|Any CPU.ActiveCfg = Debug|Any CPU
		{60BA2D8F-FF3A-4173-8046-C991489D4E40}.Debug|Any CPU.Build.0 = Debug|Any CPU
		{60BA2D8F-FF3A-4173-8046-C991489D4E40}.Debug|x64.ActiveCfg = Debug|Any CPU
		{60BA2D8F-FF3A-4173-8046-C991489D4E40}.Debug|x64.Build.0 = Debug|Any CPU
		{60BA2D8F-FF3A-4173-8046-C991489D4E40}.Debug|x86.ActiveCfg = Debug|Any CPU
		{60BA2D8F-FF3A-4173-8046-C991489D4E40}.Debug|x86.Build.0 = Debug|Any CPU
		{60BA2D8F-FF3A-4173-8046-C991489D4E40}.Release|Any CPU.ActiveCfg = Release|Any CPU
		{60BA2D8F-FF3A-4173-8046-C991489D4E40}.Release|Any CPU.Build.0 = Release|Any CPU
		{60BA2D8F-FF3A-4173-8046-C991489D4E40}.Release|x64.ActiveCfg = Release|Any CPU
		{60BA2D8F-FF3A-4173-8046-C991489D4E40}.Release|x64.Build.0 = Release|Any CPU
		{60BA2D8F-FF3A-4173-8046-C991489D4E40}.Release|x86.ActiveCfg = Release|Any CPU
		{60BA2D8F-FF3A-4173-8046-C991489D4E40}.Release|x86.Build.0 = Release|Any CPU
		{07CC1CFB-7378-462C-B28D-73ACDC8D88E9}.Debug|Any CPU.ActiveCfg = Debug|Any CPU
		{07CC1CFB-7378-462C-B28D-73ACDC8D88E9}.Debug|Any CPU.Build.0 = Debug|Any CPU
		{07CC1CFB-7378-462C-B28D-73ACDC8D88E9}.Debug|x64.ActiveCfg = Debug|Any CPU
		{07CC1CFB-7378-462C-B28D-73ACDC8D88E9}.Debug|x64.Build.0 = Debug|Any CPU
		{07CC1CFB-7378-462C-B28D-73ACDC8D88E9}.Debug|x86.ActiveCfg = Debug|Any CPU
		{07CC1CFB-7378-462C-B28D-73ACDC8D88E9}.Debug|x86.Build.0 = Debug|Any CPU
		{07CC1CFB-7378-462C-B28D-73ACDC8D88E9}.Release|Any CPU.ActiveCfg = Release|Any CPU
		{07CC1CFB-7378-462C-B28D-73ACDC8D88E9}.Release|Any CPU.Build.0 = Release|Any CPU
		{07CC1CFB-7378-462C-B28D-73ACDC8D88E9}.Release|x64.ActiveCfg = Release|Any CPU
		{07CC1CFB-7378-462C-B28D-73ACDC8D88E9}.Release|x64.Build.0 = Release|Any CPU
		{07CC1CFB-7378-462C-B28D-73ACDC8D88E9}.Release|x86.ActiveCfg = Release|Any CPU
		{07CC1CFB-7378-462C-B28D-73ACDC8D88E9}.Release|x86.Build.0 = Release|Any CPU
		{D8F47722-F112-49D5-8D77-5D20F82BCD47}.Debug|Any CPU.ActiveCfg = Debug|Any CPU
		{D8F47722-F112-49D5-8D77-5D20F82BCD47}.Debug|Any CPU.Build.0 = Debug|Any CPU
		{D8F47722-F112-49D5-8D77-5D20F82BCD47}.Debug|x64.ActiveCfg = Debug|Any CPU
		{D8F47722-F112-49D5-8D77-5D20F82BCD47}.Debug|x64.Build.0 = Debug|Any CPU
		{D8F47722-F112-49D5-8D77-5D20F82BCD47}.Debug|x86.ActiveCfg = Debug|Any CPU
		{D8F47722-F112-49D5-8D77-5D20F82BCD47}.Debug|x86.Build.0 = Debug|Any CPU
		{D8F47722-F112-49D5-8D77-5D20F82BCD47}.Release|Any CPU.ActiveCfg = Release|Any CPU
		{D8F47722-F112-49D5-8D77-5D20F82BCD47}.Release|Any CPU.Build.0 = Release|Any CPU
		{D8F47722-F112-49D5-8D77-5D20F82BCD47}.Release|x64.ActiveCfg = Release|Any CPU
		{D8F47722-F112-49D5-8D77-5D20F82BCD47}.Release|x64.Build.0 = Release|Any CPU
		{D8F47722-F112-49D5-8D77-5D20F82BCD47}.Release|x86.ActiveCfg = Release|Any CPU
		{D8F47722-F112-49D5-8D77-5D20F82BCD47}.Release|x86.Build.0 = Release|Any CPU
	EndGlobalSection
	GlobalSection(SolutionProperties) = preSolution
		HideSolutionNode = FALSE
	EndGlobalSection
	GlobalSection(NestedProjects) = preSolution
		{32EBC4D6-5C2E-427C-BE57-40FB93E82A3C} = {827E0CD3-B72D-47B6-A68D-7590B98EB39B}
		{60BA2D8F-FF3A-4173-8046-C991489D4E40} = {827E0CD3-B72D-47B6-A68D-7590B98EB39B}
		{07CC1CFB-7378-462C-B28D-73ACDC8D88E9} = {827E0CD3-B72D-47B6-A68D-7590B98EB39B}
		{D8F47722-F112-49D5-8D77-5D20F82BCD47} = {827E0CD3-B72D-47B6-A68D-7590B98EB39B}
	EndGlobalSection
EndGlobal
